
Microsoft Visual Studio Solution File, Format Version 12.00
# Visual Studio 15
VisualStudioVersion = 15.0.28307.572
MinimumVisualStudioVersion = 10.0.40219.1
Project("{FAE04EC0-301F-11D3-BF4B-00C04F79EFBC}") = "ImageProcessing", "ImageProcessing\ImageProcessing.csproj", "{5DD3E925-CF6A-49A9-BACF-402CE026183D}"
EndProject
Global
	GlobalSection(SolutionConfigurationPlatforms) = preSolution
		Debug|Any CPU = Debug|Any CPU
		Release|Any CPU = Release|Any CPU
	EndGlobalSection
	GlobalSection(ProjectConfigurationPlatforms) = postSolution
		{5DD3E925-CF6A-49A9-BACF-402CE026183D}.Debug|Any CPU.ActiveCfg = Debug|Any CPU
		{5DD3E925-CF6A-49A9-BACF-402CE026183D}.Debug|Any CPU.Build.0 = Debug|Any CPU
		{5DD3E925-CF6A-49A9-BACF-402CE026183D}.Release|Any CPU.ActiveCfg = Release|Any CPU
		{5DD3E925-CF6A-49A9-BACF-402CE026183D}.Release|Any CPU.Build.0 = Release|Any CPU
	EndGlobalSection
	GlobalSection(SolutionProperties) = preSolution
		HideSolutionNode = FALSE
	EndGlobalSection
	GlobalSection(ExtensibilityGlobals) = postSolution
		SolutionGuid = {B844C2E7-5A84-45AA-A0BF-0E951926ED4B}
	EndGlobalSection
EndGlobal
