
Microsoft Visual Studio Solution File, Format Version 12.00
# Visual Studio 15
VisualStudioVersion = 15.0.28307.572
MinimumVisualStudioVersion = 10.0.40219.1
Project("{FAE04EC0-301F-11D3-BF4B-00C04F79EFBC}") = "EchoServer_20143174", "EchoServer_20143174\EchoServer_20143174.csproj", "{917AF67C-39EF-4B71-A1BE-2BAF9E03B655}"
EndProject
Global
	GlobalSection(SolutionConfigurationPlatforms) = preSolution
		Debug|Any CPU = Debug|Any CPU
		Release|Any CPU = Release|Any CPU
	EndGlobalSection
	GlobalSection(ProjectConfigurationPlatforms) = postSolution
		{917AF67C-39EF-4B71-A1BE-2BAF9E03B655}.Debug|Any CPU.ActiveCfg = Debug|Any CPU
		{917AF67C-39EF-4B71-A1BE-2BAF9E03B655}.Debug|Any CPU.Build.0 = Debug|Any CPU
		{917AF67C-39EF-4B71-A1BE-2BAF9E03B655}.Release|Any CPU.ActiveCfg = Release|Any CPU
		{917AF67C-39EF-4B71-A1BE-2BAF9E03B655}.Release|Any CPU.Build.0 = Release|Any CPU
	EndGlobalSection
	GlobalSection(SolutionProperties) = preSolution
		HideSolutionNode = FALSE
	EndGlobalSection
	GlobalSection(ExtensibilityGlobals) = postSolution
		SolutionGuid = {0F00317D-EC8D-4915-80E6-9FE37082452D}
	EndGlobalSection
EndGlobal
